// !$*UTF8*$!
{
	archiveVersion = 1;
	classes = {
	};
	objectVersion = 50;
	objects = {

/* Begin PBXBuildFile section */
		9565BDC02551A90000495798 /* DataModel.xcdatamodeld in Sources */ = {isa = PBXBuildFile; fileRef = 9565BDBE2551A90000495798 /* DataModel.xcdatamodeld */; };
		9565BDC32551A91100495798 /* CategoryViewController.swift in Sources */ = {isa = PBXBuildFile; fileRef = 9565BDC22551A91100495798 /* CategoryViewController.swift */; };
		9565BDC72551A91C00495798 /* TodoListViewController.swift in Sources */ = {isa = PBXBuildFile; fileRef = 9565BDC62551A91C00495798 /* TodoListViewController.swift */; };
		9565BDCB2551A92900495798 /* Main.storyboard in Resources */ = {isa = PBXBuildFile; fileRef = 9565BDCA2551A92900495798 /* Main.storyboard */; };
		959C51902550322D00DB6699 /* AppDelegate.swift in Sources */ = {isa = PBXBuildFile; fileRef = 959C518F2550322D00DB6699 /* AppDelegate.swift */; };
		959C51922550322D00DB6699 /* SceneDelegate.swift in Sources */ = {isa = PBXBuildFile; fileRef = 959C51912550322D00DB6699 /* SceneDelegate.swift */; };
		959C51992550323400DB6699 /* Assets.xcassets in Resources */ = {isa = PBXBuildFile; fileRef = 959C51982550323400DB6699 /* Assets.xcassets */; };
		959C519C2550323400DB6699 /* LaunchScreen.storyboard in Resources */ = {isa = PBXBuildFile; fileRef = 959C519A2550323400DB6699 /* LaunchScreen.storyboard */; };
/* End PBXBuildFile section */

/* Begin PBXFileReference section */
		9565BDBF2551A90000495798 /* DataModel.xcdatamodel */ = {isa = PBXFileReference; lastKnownFileType = wrapper.xcdatamodel; path = DataModel.xcdatamodel; sourceTree = "<group>"; };
		9565BDC22551A91100495798 /* CategoryViewController.swift */ = {isa = PBXFileReference; fileEncoding = 4; lastKnownFileType = sourcecode.swift; path = CategoryViewController.swift; sourceTree = "<group>"; };
		9565BDC62551A91C00495798 /* TodoListViewController.swift */ = {isa = PBXFileReference; fileEncoding = 4; lastKnownFileType = sourcecode.swift; path = TodoListViewController.swift; sourceTree = "<group>"; };
		9565BDCA2551A92900495798 /* Main.storyboard */ = {isa = PBXFileReference; fileEncoding = 4; lastKnownFileType = file.storyboard; path = Main.storyboard; sourceTree = "<group>"; };
		959C518C2550322D00DB6699 /* ToDoLi.app */ = {isa = PBXFileReference; explicitFileType = wrapper.application; includeInIndex = 0; path = ToDoLi.app; sourceTree = BUILT_PRODUCTS_DIR; };
		959C518F2550322D00DB6699 /* AppDelegate.swift */ = {isa = PBXFileReference; lastKnownFileType = sourcecode.swift; path = AppDelegate.swift; sourceTree = "<group>"; };
		959C51912550322D00DB6699 /* SceneDelegate.swift */ = {isa = PBXFileReference; lastKnownFileType = sourcecode.swift; path = SceneDelegate.swift; sourceTree = "<group>"; };
		959C51982550323400DB6699 /* Assets.xcassets */ = {isa = PBXFileReference; lastKnownFileType = folder.assetcatalog; path = Assets.xcassets; sourceTree = "<group>"; };
		959C519B2550323400DB6699 /* Base */ = {isa = PBXFileReference; lastKnownFileType = file.storyboard; name = Base; path = Base.lproj/LaunchScreen.storyboard; sourceTree = "<group>"; };
		959C519D2550323400DB6699 /* Info.plist */ = {isa = PBXFileReference; lastKnownFileType = text.plist.xml; path = Info.plist; sourceTree = "<group>"; };
/* End PBXFileReference section */

/* Begin PBXFrameworksBuildPhase section */
		959C51892550322D00DB6699 /* Frameworks */ = {
			isa = PBXFrameworksBuildPhase;
			buildActionMask = 2147483647;
			files = (
			);
			runOnlyForDeploymentPostprocessing = 0;
		};
/* End PBXFrameworksBuildPhase section */

/* Begin PBXGroup section */
		959C51832550322D00DB6699 = {
			isa = PBXGroup;
			children = (
				959C518E2550322D00DB6699 /* ToDoLi */,
				959C518D2550322D00DB6699 /* Products */,
			);
			sourceTree = "<group>";
		};
		959C518D2550322D00DB6699 /* Products */ = {
			isa = PBXGroup;
			children = (
				959C518C2550322D00DB6699 /* ToDoLi.app */,
			);
			name = Products;
			sourceTree = "<group>";
		};
		959C518E2550322D00DB6699 /* ToDoLi */ = {
			isa = PBXGroup;
			children = (
				959C518F2550322D00DB6699 /* AppDelegate.swift */,
				959C51912550322D00DB6699 /* SceneDelegate.swift */,
				959C51AD2550329B00DB6699 /* Models */,
				959C51A42550325800DB6699 /* Controllers */,
				959C51A62550326200DB6699 /* Views */,
				959C51A72550326A00DB6699 /* Supporting Files */,
				959C519D2550323400DB6699 /* Info.plist */,
			);
			path = ToDoLi;
			sourceTree = "<group>";
		};
		959C51A42550325800DB6699 /* Controllers */ = {
			isa = PBXGroup;
			children = (
				9565BDC22551A91100495798 /* CategoryViewController.swift */,
				9565BDC62551A91C00495798 /* TodoListViewController.swift */,
			);
			path = Controllers;
			sourceTree = "<group>";
		};
		959C51A62550326200DB6699 /* Views */ = {
			isa = PBXGroup;
			children = (
				9565BDCA2551A92900495798 /* Main.storyboard */,
			);
			path = Views;
			sourceTree = "<group>";
		};
		959C51A72550326A00DB6699 /* Supporting Files */ = {
			isa = PBXGroup;
			children = (
				959C51982550323400DB6699 /* Assets.xcassets */,
				959C519A2550323400DB6699 /* LaunchScreen.storyboard */,
			);
			path = "Supporting Files";
			sourceTree = "<group>";
		};
		959C51AD2550329B00DB6699 /* Models */ = {
			isa = PBXGroup;
			children = (
				9565BDBE2551A90000495798 /* DataModel.xcdatamodeld */,
			);
			path = Models;
			sourceTree = "<group>";
		};
/* End PBXGroup section */

/* Begin PBXNativeTarget section */
		959C518B2550322D00DB6699 /* ToDoLi */ = {
			isa = PBXNativeTarget;
			buildConfigurationList = 959C51A02550323400DB6699 /* Build configuration list for PBXNativeTarget "ToDoLi" */;
			buildPhases = (
				959C51882550322D00DB6699 /* Sources */,
				959C51892550322D00DB6699 /* Frameworks */,
				959C518A2550322D00DB6699 /* Resources */,
			);
			buildRules = (
			);
			dependencies = (
			);
			name = ToDoLi;
			productName = ToDoLi;
			productReference = 959C518C2550322D00DB6699 /* ToDoLi.app */;
			productType = "com.apple.product-type.application";
		};
/* End PBXNativeTarget section */

/* Begin PBXProject section */
		959C51842550322D00DB6699 /* Project object */ = {
			isa = PBXProject;
			attributes = {
				LastSwiftUpdateCheck = 1210;
				LastUpgradeCheck = 1210;
				TargetAttributes = {
					959C518B2550322D00DB6699 = {
						CreatedOnToolsVersion = 12.1;
					};
				};
			};
			buildConfigurationList = 959C51872550322D00DB6699 /* Build configuration list for PBXProject "ToDoLi" */;
			compatibilityVersion = "Xcode 9.3";
			developmentRegion = en;
			hasScannedForEncodings = 0;
			knownRegions = (
				en,
				Base,
			);
			mainGroup = 959C51832550322D00DB6699;
			productRefGroup = 959C518D2550322D00DB6699 /* Products */;
			projectDirPath = "";
			projectRoot = "";
			targets = (
				959C518B2550322D00DB6699 /* ToDoLi */,
			);
		};
/* End PBXProject section */

/* Begin PBXResourcesBuildPhase section */
		959C518A2550322D00DB6699 /* Resources */ = {
			isa = PBXResourcesBuildPhase;
			buildActionMask = 2147483647;
			files = (
				9565BDCB2551A92900495798 /* Main.storyboard in Resources */,
				959C519C2550323400DB6699 /* LaunchScreen.storyboard in Resources */,
				959C51992550323400DB6699 /* Assets.xcassets in Resources */,
			);
			runOnlyForDeploymentPostprocessing = 0;
		};
/* End PBXResourcesBuildPhase section */

/* Begin PBXSourcesBuildPhase section */
		959C51882550322D00DB6699 /* Sources */ = {
			isa = PBXSourcesBuildPhase;
			buildActionMask = 2147483647;
			files = (
				9565BDC32551A91100495798 /* CategoryViewController.swift in Sources */,
				9565BDC02551A90000495798 /* DataModel.xcdatamodeld in Sources */,
				959C51902550322D00DB6699 /* AppDelegate.swift in Sources */,
				959C51922550322D00DB6699 /* SceneDelegate.swift in Sources */,
				9565BDC72551A91C00495798 /* TodoListViewController.swift in Sources */,
			);
			runOnlyForDeploymentPostprocessing = 0;
		};
/* End PBXSourcesBuildPhase section */

/* Begin PBXVariantGroup section */
		959C519A2550323400DB6699 /* LaunchScreen.storyboard */ = {
			isa = PBXVariantGroup;
			children = (
				959C519B2550323400DB6699 /* Base */,
			);
			name = LaunchScreen.storyboard;
			sourceTree = "<group>";
		};
/* End PBXVariantGroup section */

/* Begin XCBuildConfiguration section */
		959C519E2550323400DB6699 /* Debug */ = {
			isa = XCBuildConfiguration;
			buildSettings = {
				ALWAYS_SEARCH_USER_PATHS = NO;
				CLANG_ANALYZER_NONNULL = YES;
				CLANG_ANALYZER_NUMBER_OBJECT_CONVERSION = YES_AGGRESSIVE;
				CLANG_CXX_LANGUAGE_STANDARD = "gnu++14";
				CLANG_CXX_LIBRARY = "libc++";
				CLANG_ENABLE_MODULES = YES;
				CLANG_ENABLE_OBJC_ARC = YES;
				CLANG_ENABLE_OBJC_WEAK = YES;
				CLANG_WARN_BLOCK_CAPTURE_AUTORELEASING = YES;
				CLANG_WARN_BOOL_CONVERSION = YES;
				CLANG_WARN_COMMA = YES;
				CLANG_WARN_CONSTANT_CONVERSION = YES;
				CLANG_WARN_DEPRECATED_OBJC_IMPLEMENTATIONS = YES;
				CLANG_WARN_DIRECT_OBJC_ISA_USAGE = YES_ERROR;
				CLANG_WARN_DOCUMENTATION_COMMENTS = YES;
				CLANG_WARN_EMPTY_BODY = YES;
				CLANG_WARN_ENUM_CONVERSION = YES;
				CLANG_WARN_INFINITE_RECURSION = YES;
				CLANG_WARN_INT_CONVERSION = YES;
				CLANG_WARN_NON_LITERAL_NULL_CONVERSION = YES;
				CLANG_WARN_OBJC_IMPLICIT_RETAIN_SELF = YES;
				CLANG_WARN_OBJC_LITERAL_CONVERSION = YES;
				CLANG_WARN_OBJC_ROOT_CLASS = YES_ERROR;
				CLANG_WARN_QUOTED_INCLUDE_IN_FRAMEWORK_HEADER = YES;
				CLANG_WARN_RANGE_LOOP_ANALYSIS = YES;
				CLANG_WARN_STRICT_PROTOTYPES = YES;
				CLANG_WARN_SUSPICIOUS_MOVE = YES;
				CLANG_WARN_UNGUARDED_AVAILABILITY = YES_AGGRESSIVE;
				CLANG_WARN_UNREACHABLE_CODE = YES;
				CLANG_WARN__DUPLICATE_METHOD_MATCH = YES;
				COPY_PHASE_STRIP = NO;
				DEBUG_INFORMATION_FORMAT = dwarf;
				ENABLE_STRICT_OBJC_MSGSEND = YES;
				ENABLE_TESTABILITY = YES;
				GCC_C_LANGUAGE_STANDARD = gnu11;
				GCC_DYNAMIC_NO_PIC = NO;
				GCC_NO_COMMON_BLOCKS = YES;
				GCC_OPTIMIZATION_LEVEL = 0;
				GCC_PREPROCESSOR_DEFINITIONS = (
					"DEBUG=1",
					"$(inherited)",
				);
				GCC_WARN_64_TO_32_BIT_CONVERSION = YES;
				GCC_WARN_ABOUT_RETURN_TYPE = YES_ERROR;
				GCC_WARN_UNDECLARED_SELECTOR = YES;
				GCC_WARN_UNINITIALIZED_AUTOS = YES_AGGRESSIVE;
				GCC_WARN_UNUSED_FUNCTION = YES;
				GCC_WARN_UNUSED_VARIABLE = YES;
				IPHONEOS_DEPLOYMENT_TARGET = 14.1;
				MTL_ENABLE_DEBUG_INFO = INCLUDE_SOURCE;
				MTL_FAST_MATH = YES;
				ONLY_ACTIVE_ARCH = YES;
				SDKROOT = iphoneos;
				SWIFT_ACTIVE_COMPILATION_CONDITIONS = DEBUG;
				SWIFT_OPTIMIZATION_LEVEL = "-Onone";
			};
			name = Debug;
		};
		959C519F2550323400DB6699 /* Release */ = {
			isa = XCBuildConfiguration;
			buildSettings = {
				ALWAYS_SEARCH_USER_PATHS = NO;
				CLANG_ANALYZER_NONNULL = YES;
				CLANG_ANALYZER_NUMBER_OBJECT_CONVERSION = YES_AGGRESSIVE;
				CLANG_CXX_LANGUAGE_STANDARD = "gnu++14";
				CLANG_CXX_LIBRARY = "libc++";
				CLANG_ENABLE_MODULES = YES;
				CLANG_ENABLE_OBJC_ARC = YES;
				CLANG_ENABLE_OBJC_WEAK = YES;
				CLANG_WARN_BLOCK_CAPTURE_AUTORELEASING = YES;
				CLANG_WARN_BOOL_CONVERSION = YES;
				CLANG_WARN_COMMA = YES;
				CLANG_WARN_CONSTANT_CONVERSION = YES;
				CLANG_WARN_DEPRECATED_OBJC_IMPLEMENTATIONS = YES;
				CLANG_WARN_DIRECT_OBJC_ISA_USAGE = YES_ERROR;
				CLANG_WARN_DOCUMENTATION_COMMENTS = YES;
				CLANG_WARN_EMPTY_BODY = YES;
				CLANG_WARN_ENUM_CONVERSION = YES;
				CLANG_WARN_INFINITE_RECURSION = YES;
				CLANG_WARN_INT_CONVERSION = YES;
				CLANG_WARN_NON_LITERAL_NULL_CONVERSION = YES;
				CLANG_WARN_OBJC_IMPLICIT_RETAIN_SELF = YES;
				CLANG_WARN_OBJC_LITERAL_CONVERSION = YES;
				CLANG_WARN_OBJC_ROOT_CLASS = YES_ERROR;
				CLANG_WARN_QUOTED_INCLUDE_IN_FRAMEWORK_HEADER = YES;
				CLANG_WARN_RANGE_LOOP_ANALYSIS = YES;
				CLANG_WARN_STRICT_PROTOTYPES = YES;
				CLANG_WARN_SUSPICIOUS_MOVE = YES;
				CLANG_WARN_UNGUARDED_AVAILABILITY = YES_AGGRESSIVE;
				CLANG_WARN_UNREACHABLE_CODE = YES;
				CLANG_WARN__DUPLICATE_METHOD_MATCH = YES;
				COPY_PHASE_STRIP = NO;
				DEBUG_INFORMATION_FORMAT = "dwarf-with-dsym";
				ENABLE_NS_ASSERTIONS = NO;
				ENABLE_STRICT_OBJC_MSGSEND = YES;
				GCC_C_LANGUAGE_STANDARD = gnu11;
				GCC_NO_COMMON_BLOCKS = YES;
				GCC_WARN_64_TO_32_BIT_CONVERSION = YES;
				GCC_WARN_ABOUT_RETURN_TYPE = YES_ERROR;
				GCC_WARN_UNDECLARED_SELECTOR = YES;
				GCC_WARN_UNINITIALIZED_AUTOS = YES_AGGRESSIVE;
				GCC_WARN_UNUSED_FUNCTION = YES;
				GCC_WARN_UNUSED_VARIABLE = YES;
				IPHONEOS_DEPLOYMENT_TARGET = 14.1;
				MTL_ENABLE_DEBUG_INFO = NO;
				MTL_FAST_MATH = YES;
				SDKROOT = iphoneos;
				SWIFT_COMPILATION_MODE = wholemodule;
				SWIFT_OPTIMIZATION_LEVEL = "-O";
				VALIDATE_PRODUCT = YES;
			};
			name = Release;
		};
		959C51A12550323400DB6699 /* Debug */ = {
			isa = XCBuildConfiguration;
			buildSettings = {
				ASSETCATALOG_COMPILER_APPICON_NAME = AppIcon;
				ASSETCATALOG_COMPILER_GLOBAL_ACCENT_COLOR_NAME = AccentColor;
				CODE_SIGN_STYLE = Automatic;
				DEVELOPMENT_TEAM = 42G5T64Y2R;
				INFOPLIST_FILE = ToDoLi/Info.plist;
				LD_RUNPATH_SEARCH_PATHS = (
					"$(inherited)",
					"@executable_path/Frameworks",
				);
				PRODUCT_BUNDLE_IDENTIFIER = AnastasiyaUlitina.ToDoLi;
				PRODUCT_NAME = "$(TARGET_NAME)";
				SWIFT_VERSION = 5.0;
				TARGETED_DEVICE_FAMILY = "1,2";
			};
			name = Debug;
		};
		959C51A22550323400DB6699 /* Release */ = {
			isa = XCBuildConfiguration;
			buildSettings = {
				ASSETCATALOG_COMPILER_APPICON_NAME = AppIcon;
				ASSETCATALOG_COMPILER_GLOBAL_ACCENT_COLOR_NAME = AccentColor;
				CODE_SIGN_STYLE = Automatic;
				DEVELOPMENT_TEAM = 42G5T64Y2R;
				INFOPLIST_FILE = ToDoLi/Info.plist;
				LD_RUNPATH_SEARCH_PATHS = (
					"$(inherited)",
					"@executable_path/Frameworks",
				);
				PRODUCT_BUNDLE_IDENTIFIER = AnastasiyaUlitina.ToDoLi;
				PRODUCT_NAME = "$(TARGET_NAME)";
				SWIFT_VERSION = 5.0;
				TARGETED_DEVICE_FAMILY = "1,2";
			};
			name = Release;
		};
/* End XCBuildConfiguration section */

/* Begin XCConfigurationList section */
		959C51872550322D00DB6699 /* Build configuration list for PBXProject "ToDoLi" */ = {
			isa = XCConfigurationList;
			buildConfigurations = (
				959C519E2550323400DB6699 /* Debug */,
				959C519F2550323400DB6699 /* Release */,
			);
			defaultConfigurationIsVisible = 0;
			defaultConfigurationName = Release;
		};
		959C51A02550323400DB6699 /* Build configuration list for PBXNativeTarget "ToDoLi" */ = {
			isa = XCConfigurationList;
			buildConfigurations = (
				959C51A12550323400DB6699 /* Debug */,
				959C51A22550323400DB6699 /* Release */,
			);
			defaultConfigurationIsVisible = 0;
			defaultConfigurationName = Release;
		};
/* End XCConfigurationList section */

/* Begin XCVersionGroup section */
		9565BDBE2551A90000495798 /* DataModel.xcdatamodeld */ = {
			isa = XCVersionGroup;
			children = (
				9565BDBF2551A90000495798 /* DataModel.xcdatamodel */,
			);
			currentVersion = 9565BDBF2551A90000495798 /* DataModel.xcdatamodel */;
			path = DataModel.xcdatamodeld;
			sourceTree = "<group>";
			versionGroupType = wrapper.xcdatamodel;
		};
/* End XCVersionGroup section */
	};
	rootObject = 959C51842550322D00DB6699 /* Project object */;
}
